# This file is automatically @generated by Poetry 1.8.3 and should not be changed by hand.

[[package]]
name = "cffi"
version = "1.16.0"
description = "Foreign Function Interface for Python calling C code."
optional = false
python-versions = ">=3.8"
files = [
    {file = "cffi-1.16.0-cp310-cp310-macosx_10_9_x86_64.whl", hash = "sha256:6b3d6606d369fc1da4fd8c357d026317fbb9c9b75d36dc16e90e84c26854b088"},
    {file = "cffi-1.16.0-cp310-cp310-macosx_11_0_arm64.whl", hash = "sha256:ac0f5edd2360eea2f1daa9e26a41db02dd4b0451b48f7c318e217ee092a213e9"},
    {file = "cffi-1.16.0-cp310-cp310-manylinux_2_12_i686.manylinux2010_i686.manylinux_2_17_i686.manylinux2014_i686.whl", hash = "sha256:7e61e3e4fa664a8588aa25c883eab612a188c725755afff6289454d6362b9673"},
    {file = "cffi-1.16.0-cp310-cp310-manylinux_2_17_aarch64.manylinux2014_aarch64.whl", hash = "sha256:a72e8961a86d19bdb45851d8f1f08b041ea37d2bd8d4fd19903bc3083d80c896"},
    {file = "cffi-1.16.0-cp310-cp310-manylinux_2_17_ppc64le.manylinux2014_ppc64le.whl", hash = "sha256:5b50bf3f55561dac5438f8e70bfcdfd74543fd60df5fa5f62d94e5867deca684"},
    {file = "cffi-1.16.0-cp310-cp310-manylinux_2_17_s390x.manylinux2014_s390x.whl", hash = "sha256:7651c50c8c5ef7bdb41108b7b8c5a83013bfaa8a935590c5d74627c047a583c7"},
    {file = "cffi-1.16.0-cp310-cp310-manylinux_2_17_x86_64.manylinux2014_x86_64.whl", hash = "sha256:e4108df7fe9b707191e55f33efbcb2d81928e10cea45527879a4749cbe472614"},
    {file = "cffi-1.16.0-cp310-cp310-musllinux_1_1_i686.whl", hash = "sha256:32c68ef735dbe5857c810328cb2481e24722a59a2003018885514d4c09af9743"},
    {file = "cffi-1.16.0-cp310-cp310-musllinux_1_1_x86_64.whl", hash = "sha256:673739cb539f8cdaa07d92d02efa93c9ccf87e345b9a0b556e3ecc666718468d"},
    {file = "cffi-1.16.0-cp310-cp310-win32.whl", hash = "sha256:9f90389693731ff1f659e55c7d1640e2ec43ff725cc61b04b2f9c6d8d017df6a"},
    {file = "cffi-1.16.0-cp310-cp310-win_amd64.whl", hash = "sha256:e6024675e67af929088fda399b2094574609396b1decb609c55fa58b028a32a1"},
    {file = "cffi-1.16.0-cp311-cp311-macosx_10_9_x86_64.whl", hash = "sha256:b84834d0cf97e7d27dd5b7f3aca7b6e9263c56308ab9dc8aae9784abb774d404"},
    {file = "cffi-1.16.0-cp311-cp311-macosx_11_0_arm64.whl", hash = "sha256:1b8ebc27c014c59692bb2664c7d13ce7a6e9a629be20e54e7271fa696ff2b417"},
    {file = "cffi-1.16.0-cp311-cp311-manylinux_2_12_i686.manylinux2010_i686.manylinux_2_17_i686.manylinux2014_i686.whl", hash = "sha256:ee07e47c12890ef248766a6e55bd38ebfb2bb8edd4142d56db91b21ea68b7627"},
    {file = "cffi-1.16.0-cp311-cp311-manylinux_2_17_aarch64.manylinux2014_aarch64.whl", hash = "sha256:d8a9d3ebe49f084ad71f9269834ceccbf398253c9fac910c4fd7053ff1386936"},
    {file = "cffi-1.16.0-cp311-cp311-manylinux_2_17_ppc64le.manylinux2014_ppc64le.whl", hash = "sha256:e70f54f1796669ef691ca07d046cd81a29cb4deb1e5f942003f401c0c4a2695d"},
    {file = "cffi-1.16.0-cp311-cp311-manylinux_2_17_s390x.manylinux2014_s390x.whl", hash = "sha256:5bf44d66cdf9e893637896c7faa22298baebcd18d1ddb6d2626a6e39793a1d56"},
    {file = "cffi-1.16.0-cp311-cp311-manylinux_2_17_x86_64.manylinux2014_x86_64.whl", hash = "sha256:7b78010e7b97fef4bee1e896df8a4bbb6712b7f05b7ef630f9d1da00f6444d2e"},
    {file = "cffi-1.16.0-cp311-cp311-musllinux_1_1_i686.whl", hash = "sha256:c6a164aa47843fb1b01e941d385aab7215563bb8816d80ff3a363a9f8448a8dc"},
    {file = "cffi-1.16.0-cp311-cp311-musllinux_1_1_x86_64.whl", hash = "sha256:e09f3ff613345df5e8c3667da1d918f9149bd623cd9070c983c013792a9a62eb"},
    {file = "cffi-1.16.0-cp311-cp311-win32.whl", hash = "sha256:2c56b361916f390cd758a57f2e16233eb4f64bcbeee88a4881ea90fca14dc6ab"},
    {file = "cffi-1.16.0-cp311-cp311-win_amd64.whl", hash = "sha256:db8e577c19c0fda0beb7e0d4e09e0ba74b1e4c092e0e40bfa12fe05b6f6d75ba"},
    {file = "cffi-1.16.0-cp312-cp312-macosx_10_9_x86_64.whl", hash = "sha256:fa3a0128b152627161ce47201262d3140edb5a5c3da88d73a1b790a959126956"},
    {file = "cffi-1.16.0-cp312-cp312-macosx_11_0_arm64.whl", hash = "sha256:68e7c44931cc171c54ccb702482e9fc723192e88d25a0e133edd7aff8fcd1f6e"},
    {file = "cffi-1.16.0-cp312-cp312-manylinux_2_12_i686.manylinux2010_i686.manylinux_2_17_i686.manylinux2014_i686.whl", hash = "sha256:abd808f9c129ba2beda4cfc53bde801e5bcf9d6e0f22f095e45327c038bfe68e"},
    {file = "cffi-1.16.0-cp312-cp312-manylinux_2_17_aarch64.manylinux2014_aarch64.whl", hash = "sha256:88e2b3c14bdb32e440be531ade29d3c50a1a59cd4e51b1dd8b0865c54ea5d2e2"},
    {file = "cffi-1.16.0-cp312-cp312-manylinux_2_17_ppc64le.manylinux2014_ppc64le.whl", hash = "sha256:fcc8eb6d5902bb1cf6dc4f187ee3ea80a1eba0a89aba40a5cb20a5087d961357"},
    {file = "cffi-1.16.0-cp312-cp312-manylinux_2_17_s390x.manylinux2014_s390x.whl", hash = "sha256:b7be2d771cdba2942e13215c4e340bfd76398e9227ad10402a8767ab1865d2e6"},
    {file = "cffi-1.16.0-cp312-cp312-manylinux_2_17_x86_64.manylinux2014_x86_64.whl", hash = "sha256:e715596e683d2ce000574bae5d07bd522c781a822866c20495e52520564f0969"},
    {file = "cffi-1.16.0-cp312-cp312-musllinux_1_1_x86_64.whl", hash = "sha256:2d92b25dbf6cae33f65005baf472d2c245c050b1ce709cc4588cdcdd5495b520"},
    {file = "cffi-1.16.0-cp312-cp312-win32.whl", hash = "sha256:b2ca4e77f9f47c55c194982e10f058db063937845bb2b7a86c84a6cfe0aefa8b"},
    {file = "cffi-1.16.0-cp312-cp312-win_amd64.whl", hash = "sha256:68678abf380b42ce21a5f2abde8efee05c114c2fdb2e9eef2efdb0257fba1235"},
    {file = "cffi-1.16.0-cp38-cp38-macosx_10_9_x86_64.whl", hash = "sha256:0c9ef6ff37e974b73c25eecc13952c55bceed9112be2d9d938ded8e856138bcc"},
    {file = "cffi-1.16.0-cp38-cp38-manylinux_2_12_i686.manylinux2010_i686.manylinux_2_17_i686.manylinux2014_i686.whl", hash = "sha256:a09582f178759ee8128d9270cd1344154fd473bb77d94ce0aeb2a93ebf0feaf0"},
    {file = "cffi-1.16.0-cp38-cp38-manylinux_2_17_aarch64.manylinux2014_aarch64.whl", hash = "sha256:e760191dd42581e023a68b758769e2da259b5d52e3103c6060ddc02c9edb8d7b"},
    {file = "cffi-1.16.0-cp38-cp38-manylinux_2_17_ppc64le.manylinux2014_ppc64le.whl", hash = "sha256:80876338e19c951fdfed6198e70bc88f1c9758b94578d5a7c4c91a87af3cf31c"},
    {file = "cffi-1.16.0-cp38-cp38-manylinux_2_17_s390x.manylinux2014_s390x.whl", hash = "sha256:a6a14b17d7e17fa0d207ac08642c8820f84f25ce17a442fd15e27ea18d67c59b"},
    {file = "cffi-1.16.0-cp38-cp38-manylinux_2_17_x86_64.manylinux2014_x86_64.whl", hash = "sha256:6602bc8dc6f3a9e02b6c22c4fc1e47aa50f8f8e6d3f78a5e16ac33ef5fefa324"},
    {file = "cffi-1.16.0-cp38-cp38-win32.whl", hash = "sha256:131fd094d1065b19540c3d72594260f118b231090295d8c34e19a7bbcf2e860a"},
    {file = "cffi-1.16.0-cp38-cp38-win_amd64.whl", hash = "sha256:31d13b0f99e0836b7ff893d37af07366ebc90b678b6664c955b54561fc36ef36"},
    {file = "cffi-1.16.0-cp39-cp39-macosx_10_9_x86_64.whl", hash = "sha256:582215a0e9adbe0e379761260553ba11c58943e4bbe9c36430c4ca6ac74b15ed"},
    {file = "cffi-1.16.0-cp39-cp39-macosx_11_0_arm64.whl", hash = "sha256:b29ebffcf550f9da55bec9e02ad430c992a87e5f512cd63388abb76f1036d8d2"},
    {file = "cffi-1.16.0-cp39-cp39-manylinux_2_12_i686.manylinux2010_i686.manylinux_2_17_i686.manylinux2014_i686.whl", hash = "sha256:dc9b18bf40cc75f66f40a7379f6a9513244fe33c0e8aa72e2d56b0196a7ef872"},
    {file = "cffi-1.16.0-cp39-cp39-manylinux_2_17_aarch64.manylinux2014_aarch64.whl", hash = "sha256:9cb4a35b3642fc5c005a6755a5d17c6c8b6bcb6981baf81cea8bfbc8903e8ba8"},
    {file = "cffi-1.16.0-cp39-cp39-manylinux_2_17_ppc64le.manylinux2014_ppc64le.whl", hash = "sha256:b86851a328eedc692acf81fb05444bdf1891747c25af7529e39ddafaf68a4f3f"},
    {file = "cffi-1.16.0-cp39-cp39-manylinux_2_17_s390x.manylinux2014_s390x.whl", hash = "sha256:c0f31130ebc2d37cdd8e44605fb5fa7ad59049298b3f745c74fa74c62fbfcfc4"},
    {file = "cffi-1.16.0-cp39-cp39-manylinux_2_17_x86_64.manylinux2014_x86_64.whl", hash = "sha256:8f8e709127c6c77446a8c0a8c8bf3c8ee706a06cd44b1e827c3e6a2ee6b8c098"},
    {file = "cffi-1.16.0-cp39-cp39-musllinux_1_1_i686.whl", hash = "sha256:748dcd1e3d3d7cd5443ef03ce8685043294ad6bd7c02a38d1bd367cfd968e000"},
    {file = "cffi-1.16.0-cp39-cp39-musllinux_1_1_x86_64.whl", hash = "sha256:8895613bcc094d4a1b2dbe179d88d7fb4a15cee43c052e8885783fac397d91fe"},
    {file = "cffi-1.16.0-cp39-cp39-win32.whl", hash = "sha256:ed86a35631f7bfbb28e108dd96773b9d5a6ce4811cf6ea468bb6a359b256b1e4"},
    {file = "cffi-1.16.0-cp39-cp39-win_amd64.whl", hash = "sha256:3686dffb02459559c74dd3d81748269ffb0eb027c39a6fc99502de37d501faa8"},
    {file = "cffi-1.16.0.tar.gz", hash = "sha256:bcb3ef43e58665bbda2fb198698fcae6776483e0c4a631aa5647806c25e02cc0"},
]

[package.dependencies]
pycparser = "*"

[[package]]
name = "pycparser"
version = "2.22"
description = "C parser in Python"
optional = false
python-versions = ">=3.8"
files = [
    {file = "pycparser-2.22-py3-none-any.whl", hash = "sha256:c3702b6d3dd8c7abc1afa565d7e63d53a1d0bd86cdc24edd75470f4de499cfcc"},
    {file = "pycparser-2.22.tar.gz", hash = "sha256:491c8be9c040f5390f5bf44a5b07752bd07f56edf992381b05c701439eec10f6"},
]

[[package]]
name = "pygame-ce"
version = "2.5.0"
description = "Python Game Development"
optional = false
python-versions = ">=3.8"
files = [
    {file = "pygame_ce-2.5.0-cp310-cp310-macosx_10_11_x86_64.whl", hash = "sha256:408fcfef84a93844c077b1cb7323886548426b2f074845998b43d2029440cd12"},
    {file = "pygame_ce-2.5.0-cp310-cp310-macosx_11_0_arm64.whl", hash = "sha256:7c45632bec67f6fffb2caa5b09511c2796b42c54680477e36253e9b4b3dee7ff"},
    {file = "pygame_ce-2.5.0-cp310-cp310-manylinux_2_17_aarch64.manylinux2014_aarch64.whl", hash = "sha256:d2bf7f4435c66b7f0f8a125c5e4c47a649b627954326f1258de7f2c9bf7e6c0b"},
    {file = "pygame_ce-2.5.0-cp310-cp310-manylinux_2_17_i686.manylinux2014_i686.whl", hash = "sha256:10a61373f1a98e483dee70b21a96f378167ae1a718a3995fce7acc7699059574"},
    {file = "pygame_ce-2.5.0-cp310-cp310-manylinux_2_17_x86_64.manylinux2014_x86_64.whl", hash = "sha256:ce200bec2d40eb15e29a948d7baa894c771fc77261f1a6511e90e99684f27148"},
    {file = "pygame_ce-2.5.0-cp310-cp310-win32.whl", hash = "sha256:9a3c8febec59a26e1be91250e6a040f10265f80f56132960329882df60a8f89b"},
    {file = "pygame_ce-2.5.0-cp310-cp310-win_amd64.whl", hash = "sha256:4a0b67a416190c3b774e9b740cf23a21ba27d2d679994378aa6c4bfa33317f69"},
    {file = "pygame_ce-2.5.0-cp311-cp311-macosx_10_11_x86_64.whl", hash = "sha256:2d6c7d931ed1fd68b5da213663bb8002ea688d5899f026dc4b73be9097c4e2a9"},
    {file = "pygame_ce-2.5.0-cp311-cp311-macosx_11_0_arm64.whl", hash = "sha256:e23dd76207308c4ecaa58cc417670924ba8327f325d61ca96aecc6915ebead22"},
    {file = "pygame_ce-2.5.0-cp311-cp311-manylinux_2_17_aarch64.manylinux2014_aarch64.whl", hash = "sha256:a7f8f251b53d0b0dc68095571f222478531093ac1aec0b96bcfe8551c32bc76d"},
    {file = "pygame_ce-2.5.0-cp311-cp311-manylinux_2_17_i686.manylinux2014_i686.whl", hash = "sha256:7b67975e22f2f0670de5b3570e08b2518d9daf7ed19af51441907ac9804d3e5a"},
    {file = "pygame_ce-2.5.0-cp311-cp311-manylinux_2_17_x86_64.manylinux2014_x86_64.whl", hash = "sha256:5ac59c88d520a0d5a57cf82b952b1b62839bc869757744d1c972ed036c05aad1"},
    {file = "pygame_ce-2.5.0-cp311-cp311-win32.whl", hash = "sha256:09cc46ffb45a2db64f8ee593bee09f883a57fa15936828d2c1d367853ed44bfa"},
    {file = "pygame_ce-2.5.0-cp311-cp311-win_amd64.whl", hash = "sha256:8d78324f2372d22bdb81485b1415b8a6e5c98d69bb65b3ee1bfb2a30f3e5f715"},
    {file = "pygame_ce-2.5.0-cp312-cp312-macosx_10_11_x86_64.whl", hash = "sha256:f20a4f82252e27d31dc111da807803d227f5b16877d904bf511a1cad7ec41596"},
    {file = "pygame_ce-2.5.0-cp312-cp312-macosx_11_0_arm64.whl", hash = "sha256:72f5abd7045d9158c9728ab84449c0eedaebecc56b3fa28b271f77f70c3127bb"},
    {file = "pygame_ce-2.5.0-cp312-cp312-manylinux_2_17_aarch64.manylinux2014_aarch64.whl", hash = "sha256:abef08bdf347b5ec33b98bb162c435749047e790db736594d6f4c85464cd7d35"},
    {file = "pygame_ce-2.5.0-cp312-cp312-manylinux_2_17_i686.manylinux2014_i686.whl", hash = "sha256:18f20596a118403bb9fd7c065aa5c1d846ff6248f2e49b3605ca08a09f73d7a6"},
    {file = "pygame_ce-2.5.0-cp312-cp312-manylinux_2_17_x86_64.manylinux2014_x86_64.whl", hash = "sha256:87ea2512b573e0706c0e3181d9a16dc9f8c71df8cf5dde31b7430f585cd39385"},
    {file = "pygame_ce-2.5.0-cp312-cp312-win32.whl", hash = "sha256:53a23cd31fa38b9908687c84b9d845669735476a10799323dc8adf050fc0b7c6"},
    {file = "pygame_ce-2.5.0-cp312-cp312-win_amd64.whl", hash = "sha256:2b290ca88e70c14b6a5184c54348334167bba35d2eb00c1c9a7e5179bcbaee40"},
    {file = "pygame_ce-2.5.0-cp38-cp38-macosx_10_11_x86_64.whl", hash = "sha256:ca6c3f72ecfc196d87bb53f186bfbd8bc45274aa6bb1265ad419cb2f5501c9df"},
    {file = "pygame_ce-2.5.0-cp38-cp38-macosx_11_0_arm64.whl", hash = "sha256:731dd171e7a54d13f6cb652862a37f32f141e39b18f2ba1e011f5166bd382059"},
    {file = "pygame_ce-2.5.0-cp38-cp38-manylinux_2_17_aarch64.manylinux2014_aarch64.whl", hash = "sha256:2647de29bc5bcd054504e0883663c91b2ffe8a7a10c7c0bce9968d3c06e75959"},
    {file = "pygame_ce-2.5.0-cp38-cp38-manylinux_2_17_i686.manylinux2014_i686.whl", hash = "sha256:48c59cd987870452b4bf26f8061147a509f0c97ee2f1d9f943c40c8f18102340"},
    {file = "pygame_ce-2.5.0-cp38-cp38-manylinux_2_17_x86_64.manylinux2014_x86_64.whl", hash = "sha256:70c90304aa37290d2fc10919871cf1d6ec894c016ef979c1ee3d1e868bda17b0"},
    {file = "pygame_ce-2.5.0-cp38-cp38-win32.whl", hash = "sha256:ef5fbe3f670d4efd6223d863bcd5cfa867167d86ca4c551b11754f748b7367b0"},
    {file = "pygame_ce-2.5.0-cp38-cp38-win_amd64.whl", hash = "sha256:f17aa8d52cfd0bc1f02b7a06c8020bedd2e4de9894ffddfd5642605ce7f92d9a"},
    {file = "pygame_ce-2.5.0-cp39-cp39-macosx_10_11_x86_64.whl", hash = "sha256:204d4b13f9ade51c175bacca7c88e0b0b525a8d9a3798c4d7a3b80553b21321f"},
    {file = "pygame_ce-2.5.0-cp39-cp39-macosx_11_0_arm64.whl", hash = "sha256:eefb3d308e87d9f9bcd568780dff7f3ef96029ad2bba5efae3dc2d147d6aca6e"},
    {file = "pygame_ce-2.5.0-cp39-cp39-manylinux_2_17_aarch64.manylinux2014_aarch64.whl", hash = "sha256:ba7cf80909a7c81eccc3ec8af65041be8f97f441ca3d4ac185cbe2d04cb557eb"},
    {file = "pygame_ce-2.5.0-cp39-cp39-manylinux_2_17_i686.manylinux2014_i686.whl", hash = "sha256:088a4201e16b43409f45b99c5c14bcb84810d09bb46d32a5b9f28eb674f65e03"},
    {file = "pygame_ce-2.5.0-cp39-cp39-manylinux_2_17_x86_64.manylinux2014_x86_64.whl", hash = "sha256:c6737a74be09ab94348f46dae3c6c97493e5928ff6d9e8ac58ce5cc7e5542738"},
    {file = "pygame_ce-2.5.0-cp39-cp39-win32.whl", hash = "sha256:ff2921a685ab0d5c1884b8a931963393b656d98ef9aad4274b5a1c7ad96c8994"},
    {file = "pygame_ce-2.5.0-cp39-cp39-win_amd64.whl", hash = "sha256:6ccc2deb07f457385595d2e77eee2ac6416e5b0e426a18f1d1bbd1600062d4f7"},
    {file = "pygame_ce-2.5.0-pp310-pypy310_pp73-macosx_10_11_x86_64.whl", hash = "sha256:38601022b200d87cd918e0d6d8c99b4e86a1e92e727c325dcaf8a59ad1c667a6"},
    {file = "pygame_ce-2.5.0-pp310-pypy310_pp73-manylinux_2_17_aarch64.manylinux2014_aarch64.whl", hash = "sha256:541df74359a42c254536d48e00b039e7c4ffad54c66b0471bb9f3480133c8b08"},
    {file = "pygame_ce-2.5.0-pp310-pypy310_pp73-manylinux_2_17_i686.manylinux2014_i686.whl", hash = "sha256:94c5e63b49b94d52ed8b60cd888fd119d2825a801356328b310e345854650fec"},
    {file = "pygame_ce-2.5.0-pp310-pypy310_pp73-manylinux_2_17_x86_64.manylinux2014_x86_64.whl", hash = "sha256:df482729ddd6fc45e8329e68d4bb05eb93c06d6527b15f5b2e14146c249b3025"},
    {file = "pygame_ce-2.5.0-pp310-pypy310_pp73-win_amd64.whl", hash = "sha256:eb8f4d3cc70c0ece2105017ffe710468a1cc70f0fbe63d71782f94a929097e88"},
    {file = "pygame_ce-2.5.0-pp38-pypy38_pp73-macosx_10_11_x86_64.whl", hash = "sha256:feb4cb900c7e788cffd1d1c8a9db7097809d974440cdd47871217a489f628604"},
    {file = "pygame_ce-2.5.0-pp38-pypy38_pp73-manylinux_2_17_aarch64.manylinux2014_aarch64.whl", hash = "sha256:8226dab63413dad487cd748cf959aa8c9dfdec9e12122347c2fb14493c7e697a"},
    {file = "pygame_ce-2.5.0-pp38-pypy38_pp73-manylinux_2_17_i686.manylinux2014_i686.whl", hash = "sha256:03503aa4059168a1c4d0c42b95b289496834ef3234d06d1a6e842ed34c32b797"},
    {file = "pygame_ce-2.5.0-pp38-pypy38_pp73-manylinux_2_17_x86_64.manylinux2014_x86_64.whl", hash = "sha256:c4063cb05e924771a90231561826790225a09d7de3f5ed9bef7de8460e9f5b48"},
    {file = "pygame_ce-2.5.0-pp38-pypy38_pp73-win_amd64.whl", hash = "sha256:98f271736e7a7b327bc88ce7e80129d7ea25869660224596a18220ae4e9e7e58"},
    {file = "pygame_ce-2.5.0-pp39-pypy39_pp73-macosx_10_11_x86_64.whl", hash = "sha256:eda9631ba4fa8a46f5c358abfc32473c50ed96408fa9031fdac98e2290a3e56f"},
    {file = "pygame_ce-2.5.0-pp39-pypy39_pp73-manylinux_2_17_aarch64.manylinux2014_aarch64.whl", hash = "sha256:f980f44f13eb178f719599f87f2f3b13afd0ef3ac796761797d16f45c68a15b8"},
    {file = "pygame_ce-2.5.0-pp39-pypy39_pp73-manylinux_2_17_i686.manylinux2014_i686.whl", hash = "sha256:2937ca1d80b40520621c3100c7a4dc47cc912c7f93450fc3dcb92be5e28135c5"},
    {file = "pygame_ce-2.5.0-pp39-pypy39_pp73-manylinux_2_17_x86_64.manylinux2014_x86_64.whl", hash = "sha256:6ef61b7d38b2764f457aaf7b0dcd5b38b2c896c7fb7dc9183254ee128fb280ef"},
    {file = "pygame_ce-2.5.0-pp39-pypy39_pp73-win_amd64.whl", hash = "sha256:60ce604fc29891746ecbe53aa5b1130e329b56e27aa8a6df8ef31fa6515f53e6"},
    {file = "pygame_ce-2.5.0.tar.gz", hash = "sha256:76d47c6b49237ffff7656e4bebc4032a89f6025b70bfad7cb0fb4be2bfdcbe77"},
]

[[package]]
name = "pymunk"
version = "6.8.1"
description = "Pymunk is a easy-to-use pythonic 2D physics library"
optional = false
python-versions = ">=3.7"
files = [
    {file = "pymunk-6.8.1-cp310-cp310-macosx_10_9_x86_64.whl", hash = "sha256:4203cb73ab1ecffbe6ff2c903542987828eec204acb012eba41592303a63a85c"},
    {file = "pymunk-6.8.1-cp310-cp310-macosx_11_0_arm64.whl", hash = "sha256:aff5d00f05f78ab98f3cb699ba417db1eca1fe07ac88cb0f70a850d1f06d94bb"},
    {file = "pymunk-6.8.1-cp310-cp310-manylinux_2_17_x86_64.manylinux2014_x86_64.whl", hash = "sha256:1c9357179aba3501d250ce8a8b62ad59968c0e9be4ea330a31aab70d4907b5fd"},
    {file = "pymunk-6.8.1-cp310-cp310-manylinux_2_5_i686.manylinux1_i686.manylinux_2_17_i686.manylinux2014_i686.whl", hash = "sha256:3c689886456f53554e8961bd4d3addc0bbe25999afa55c2990d59543dd6ad1bc"},
    {file = "pymunk-6.8.1-cp310-cp310-musllinux_1_2_i686.whl", hash = "sha256:94cc4322041fa6ba429dee897e9d269339cd6fa15ea5b46783b7f67ccf31c8f4"},
    {file = "pymunk-6.8.1-cp310-cp310-musllinux_1_2_x86_64.whl", hash = "sha256:acd808e4c9596d521308816eacc077eff758255713b156dad6d7d666f98d71ac"},
    {file = "pymunk-6.8.1-cp310-cp310-win32.whl", hash = "sha256:c17fd57e40fc2cfd63bef693a8a90cc9a033665ecebbd0cd989482bb188857ed"},
    {file = "pymunk-6.8.1-cp310-cp310-win_amd64.whl", hash = "sha256:655722a1d907ab66c2a5aaffd469cd997aa79f02860dd974e7475783945bd1a0"},
    {file = "pymunk-6.8.1-cp311-cp311-macosx_10_9_x86_64.whl", hash = "sha256:8a6d1615c7665dabd33768e40b81eaf1bbce65d36d54f0cc17d415aa1d98f249"},
    {file = "pymunk-6.8.1-cp311-cp311-macosx_11_0_arm64.whl", hash = "sha256:a0980cc537ef149af688cd0dbf0e447f924eb05818e9cb92c7950342e5eba7ce"},
    {file = "pymunk-6.8.1-cp311-cp311-manylinux_2_17_x86_64.manylinux2014_x86_64.whl", hash = "sha256:4d353ffc0396115ebcd8a006fc97106d3b3f91adc842fa0f451c872cdbb21128"},
    {file = "pymunk-6.8.1-cp311-cp311-manylinux_2_5_i686.manylinux1_i686.manylinux_2_17_i686.manylinux2014_i686.whl", hash = "sha256:5e6bd6600628ad87b56645ee0ffc24d6623f2c941b5c4aa5058722ab17335d80"},
    {file = "pymunk-6.8.1-cp311-cp311-musllinux_1_2_i686.whl", hash = "sha256:6e66d22814cccada953d126dadc0578dca0e6eb39431523e533701d3ba4c3fac"},
    {file = "pymunk-6.8.1-cp311-cp311-musllinux_1_2_x86_64.whl", hash = "sha256:84bc02b5512cf60c38cf9c9ecff24eb733437a28de20f4b362a1c27400e23ed3"},
    {file = "pymunk-6.8.1-cp311-cp311-win32.whl", hash = "sha256:64ea1acf1c2f29a03c2121db39107253d67c4f800e8c472c2a599808103b5e99"},
    {file = "pymunk-6.8.1-cp311-cp311-win_amd64.whl", hash = "sha256:2ef1a82fb68dd3f2e3351591cbf594fce4e49a80271ebb7af643d41a53d95a23"},
    {file = "pymunk-6.8.1-cp312-cp312-macosx_10_9_x86_64.whl", hash = "sha256:c2961a239430f6326932f51274746fd5236d6b274d7b2b84fd44b9c2a73a888b"},
    {file = "pymunk-6.8.1-cp312-cp312-macosx_11_0_arm64.whl", hash = "sha256:cb1ae0194393165c57974c8edc2cfda144a9b20dd2906cb38ec22dfb65c7fa88"},
    {file = "pymunk-6.8.1-cp312-cp312-manylinux_2_17_x86_64.manylinux2014_x86_64.whl", hash = "sha256:2b8320917fc7ed750ccc22a8f67a5b5a375b31c5492d491ef3783e87537887a4"},
    {file = "pymunk-6.8.1-cp312-cp312-manylinux_2_5_i686.manylinux1_i686.manylinux_2_17_i686.manylinux2014_i686.whl", hash = "sha256:704da8ff41eb06d4987003a8a0f2ef603dde9bf224bf6f85356f6dace5e23ac5"},
    {file = "pymunk-6.8.1-cp312-cp312-musllinux_1_2_i686.whl", hash = "sha256:6e5c4e596cf9d715cae26330a464335f39ca25a61a923f14eaac720b82b6a6be"},
    {file = "pymunk-6.8.1-cp312-cp312-musllinux_1_2_x86_64.whl", hash = "sha256:9d4b9c31cea1dc75719cb3ae45505034ed51bde92799b598f8fb234b06dac33a"},
    {file = "pymunk-6.8.1-cp312-cp312-win32.whl", hash = "sha256:d7e12be02ed37e323598ccae914386f55eb20d5ee08c013df1b43141ef8a6b56"},
    {file = "pymunk-6.8.1-cp312-cp312-win_amd64.whl", hash = "sha256:e510666591d6cef0ab5f7752f2796d244c3131980a35106a6f3a0c03c34a378c"},
    {file = "pymunk-6.8.1-cp37-cp37m-macosx_10_9_x86_64.whl", hash = "sha256:abbf77226e4e8a7e9140ae452b764954c071ba62031e3db9ea65549c9f88e495"},
    {file = "pymunk-6.8.1-cp37-cp37m-manylinux_2_17_x86_64.manylinux2014_x86_64.whl", hash = "sha256:250fdd54cc8dc3f0ebb67b41e8caf1400ce3ca882c513540a7925dac5cec6392"},
    {file = "pymunk-6.8.1-cp37-cp37m-manylinux_2_5_i686.manylinux1_i686.manylinux_2_17_i686.manylinux2014_i686.whl", hash = "sha256:279b3896a79c8701a69a5cefdcb7c98c4bc50687208e488f90c50bd5014e9871"},
    {file = "pymunk-6.8.1-cp37-cp37m-musllinux_1_2_i686.whl", hash = "sha256:2a844c7be3cb39da5dc546e30158f6f971fc509e63b3937c34be5a54b9d6457d"},
    {file = "pymunk-6.8.1-cp37-cp37m-musllinux_1_2_x86_64.whl", hash = "sha256:e2a1480d9fa6db0ff3815a4b70a499be7992a648a4fcd3883677ec52b6e0d1cd"},
    {file = "pymunk-6.8.1-cp37-cp37m-win32.whl", hash = "sha256:da606cd607ea0bed9e98c7bf414f588feb5decf66530a60369e095ac7a9d0c14"},
    {file = "pymunk-6.8.1-cp37-cp37m-win_amd64.whl", hash = "sha256:add65195ebc7e9b94b1aaaca16064f4290094ead3971d0b53294a9531e39e96f"},
    {file = "pymunk-6.8.1-cp38-cp38-macosx_10_9_x86_64.whl", hash = "sha256:821eaa9b843e385315f1981fc97a352dc20bdc65c645e852bd11382764bad860"},
    {file = "pymunk-6.8.1-cp38-cp38-macosx_11_0_arm64.whl", hash = "sha256:05ac390f59a0ae385af7912b97c5a5240694a3c3b2775e3975abbfdafdb7edc4"},
    {file = "pymunk-6.8.1-cp38-cp38-manylinux_2_17_x86_64.manylinux2014_x86_64.whl", hash = "sha256:59f4b0b8af9ebdebbd2831452d1ebcd29cf0ae2a7968c24d40c90fdcef8746d9"},
    {file = "pymunk-6.8.1-cp38-cp38-manylinux_2_5_i686.manylinux1_i686.manylinux_2_17_i686.manylinux2014_i686.whl", hash = "sha256:afce20a8eea3da231a366329b513172b60009615dab4ebcc3c2a3f320ec33306"},
    {file = "pymunk-6.8.1-cp38-cp38-musllinux_1_2_i686.whl", hash = "sha256:7b6d8bec17f4ce008eced7c46fdc80aa563ec5a9b383471031e7a94dece5eb8d"},
    {file = "pymunk-6.8.1-cp38-cp38-musllinux_1_2_x86_64.whl", hash = "sha256:00f66f6232263e80432fa34a3cd05065f6a1c9c2a29b50a26938a11b8a2bf6eb"},
    {file = "pymunk-6.8.1-cp38-cp38-win32.whl", hash = "sha256:19c2589a53ad97ce08473b69b76c5af6fb24b90f1da734ccfaaae21f50616095"},
    {file = "pymunk-6.8.1-cp38-cp38-win_amd64.whl", hash = "sha256:6de1d49b6976ea46589caba9275165b85adbdcd93d744ae5e30ddce853f54502"},
    {file = "pymunk-6.8.1-cp39-cp39-macosx_10_9_x86_64.whl", hash = "sha256:59c333e03f1d772c6872b973629b1b780b117744e3ef74badbb02c2ecd4cd28d"},
    {file = "pymunk-6.8.1-cp39-cp39-macosx_11_0_arm64.whl", hash = "sha256:923c53ec3306b3cea4d9f5bc9beefb668e4318187057d3a89c470fa88a912bc1"},
    {file = "pymunk-6.8.1-cp39-cp39-manylinux_2_17_x86_64.manylinux2014_x86_64.whl", hash = "sha256:dcb5fc5ae53a78aadc123750d9341ec3e99539a9f3ba7d2fca70ecfc690272f8"},
    {file = "pymunk-6.8.1-cp39-cp39-manylinux_2_5_i686.manylinux1_i686.manylinux_2_17_i686.manylinux2014_i686.whl", hash = "sha256:4f18c715c837cfc1c76f2865a79cee72e934c6bb3197042d328e6af9cda2e85f"},
    {file = "pymunk-6.8.1-cp39-cp39-musllinux_1_2_i686.whl", hash = "sha256:9226ac3008d47e55c8cef3464b0f257ff1e613baac46b8adebbf832421ba008d"},
    {file = "pymunk-6.8.1-cp39-cp39-musllinux_1_2_x86_64.whl", hash = "sha256:1e8b00579859194250fe574828d5f83907fa71af3fa1f5eb6c9887343feb2e7f"},
    {file = "pymunk-6.8.1-cp39-cp39-win32.whl", hash = "sha256:96ac4537c23fe5310339ef8dec82a923a0540ab16668ece2ece26cb8986a4358"},
    {file = "pymunk-6.8.1-cp39-cp39-win_amd64.whl", hash = "sha256:e2b7f83b2d1fc8e6b2b01f8627e52bc84a10758c53a58df7a932958d9593de71"},
    {file = "pymunk-6.8.1-pp310-pypy310_pp73-macosx_10_9_x86_64.whl", hash = "sha256:8aa4fc263155f9f515b371a8d428f1769cdcebe0e772a26990c8a2ba2e6240f2"},
    {file = "pymunk-6.8.1-pp310-pypy310_pp73-macosx_11_0_arm64.whl", hash = "sha256:67ba6be15d3d06b49f7693d3ad3f271638e4991791edf968a292de0185f3a25d"},
    {file = "pymunk-6.8.1-pp310-pypy310_pp73-manylinux_2_17_x86_64.manylinux2014_x86_64.whl", hash = "sha256:85624fab1f23a757a689d3c4404ba8629eeccbb0d37cd937d6d381e47f9e8bc3"},
    {file = "pymunk-6.8.1-pp310-pypy310_pp73-manylinux_2_5_i686.manylinux1_i686.manylinux_2_17_i686.manylinux2014_i686.whl", hash = "sha256:8c12c542e2ff8a953b390473dea02dc84e5d40d7b71f87dd36ce9ab242718444"},
    {file = "pymunk-6.8.1-pp310-pypy310_pp73-win_amd64.whl", hash = "sha256:4eadb3f96abcb36c570a0e560d81cdafd2bc4b5b89f1230e42ec7581405ab643"},
    {file = "pymunk-6.8.1-pp39-pypy39_pp73-macosx_10_9_x86_64.whl", hash = "sha256:66c0a56c5c816519c917f996361f3fb673d3ebccaad8c5d4d14764629a14e906"},
    {file = "pymunk-6.8.1-pp39-pypy39_pp73-macosx_11_0_arm64.whl", hash = "sha256:90cd20090aab3001e400406aa782dcfc798adb949e98fcd84182d108da050c00"},
    {file = "pymunk-6.8.1-pp39-pypy39_pp73-manylinux_2_17_x86_64.manylinux2014_x86_64.whl", hash = "sha256:c58fc4fcfc1ea988596bc1198270ccd255572a95d929b43a1fc40424cb7a7d64"},
    {file = "pymunk-6.8.1-pp39-pypy39_pp73-manylinux_2_5_i686.manylinux1_i686.manylinux_2_17_i686.manylinux2014_i686.whl", hash = "sha256:e94c41a41c1019bec97db6624ae793fb2dceb68f668a80c74c7def3d80286f3f"},
    {file = "pymunk-6.8.1-pp39-pypy39_pp73-win_amd64.whl", hash = "sha256:2900fed03f8a4cccbb94c640bdadb1230f0cf3f9667b775df7bd563bbd0c6231"},
    {file = "pymunk-6.8.1.tar.gz", hash = "sha256:e04061e9d05c6163b83bb15a39b595da199bb5f500b06acb5f2d50f3d61ef429"},
]

[package.dependencies]
cffi = ">=1.15.0"

[package.extras]
dev = ["aafigure", "matplotlib", "numpy", "pygame", "pyglet (<2.0.0)", "sphinx", "wheel"]

[metadata]
lock-version = "2.0"
python-versions = "^3.12"
content-hash = "741123f26cc48f0a9b12c237656ab2f5e70d7535c4939b76ffaa50f9c7f662da"
